
Microsoft Visual Studio Solution File, Format Version 12.00
# Visual Studio Version 17
VisualStudioVersion = 17.11.35219.272
MinimumVisualStudioVersion = 10.0.40219.1
Project("{FAE04EC0-301F-11D3-BF4B-00C04F79EFBC}") = "MathTaskClassLibrary", "MathTaskClassLibrary\MathTaskClassLibrary.csproj", "{863A3E82-5650-443C-87C1-A5D9455DAA26}"
EndProject
Project("{FAE04EC0-301F-11D3-BF4B-00C04F79EFBC}") = "MathTaskClassLibraryTests", "MathTaskClassLibraryTests\MathTaskClassLibraryTests.csproj", "{C65F4859-4EB7-45EC-A06B-B03220E35AA8}"
EndProject
Global
	GlobalSection(SolutionConfigurationPlatforms) = preSolution
		Debug|Any CPU = Debug|Any CPU
		Release|Any CPU = Release|Any CPU
	EndGlobalSection
	GlobalSection(ProjectConfigurationPlatforms) = postSolution
		{863A3E82-5650-443C-87C1-A5D9455DAA26}.Debug|Any CPU.ActiveCfg = Debug|Any CPU
		{863A3E82-5650-443C-87C1-A5D9455DAA26}.Debug|Any CPU.Build.0 = Debug|Any CPU
		{863A3E82-5650-443C-87C1-A5D9455DAA26}.Release|Any CPU.ActiveCfg = Release|Any CPU
		{863A3E82-5650-443C-87C1-A5D9455DAA26}.Release|Any CPU.Build.0 = Release|Any CPU
		{C65F4859-4EB7-45EC-A06B-B03220E35AA8}.Debug|Any CPU.ActiveCfg = Debug|Any CPU
		{C65F4859-4EB7-45EC-A06B-B03220E35AA8}.Debug|Any CPU.Build.0 = Debug|Any CPU
		{C65F4859-4EB7-45EC-A06B-B03220E35AA8}.Release|Any CPU.ActiveCfg = Release|Any CPU
		{C65F4859-4EB7-45EC-A06B-B03220E35AA8}.Release|Any CPU.Build.0 = Release|Any CPU
	EndGlobalSection
	GlobalSection(SolutionProperties) = preSolution
		HideSolutionNode = FALSE
	EndGlobalSection
	GlobalSection(ExtensibilityGlobals) = postSolution
		SolutionGuid = {93471893-26CF-43CE-8CE5-EB137959FB9E}
	EndGlobalSection
EndGlobal
